
Microsoft Visual Studio Solution File, Format Version 12.00
# Visual Studio Version 16
VisualStudioVersion = 16.0.30309.148
MinimumVisualStudioVersion = 10.0.40219.1
Project("{9A19103F-16F7-4668-BE54-9A1E7A4F7556}") = "FriendsApi", "FriendsApp\FriendsApi.csproj", "{5BA6E162-7510-405D-9BAD-91000913FD7E}"
EndProject
Project("{9A19103F-16F7-4668-BE54-9A1E7A4F7556}") = "Common", "Common\Common.csproj", "{97E547F4-5F46-405A-B9ED-2E89D355AC80}"
EndProject
Project("{9A19103F-16F7-4668-BE54-9A1E7A4F7556}") = "Domain", "Domain\Domain.csproj", "{2A5FEB61-467B-46AC-A985-35644C3459FE}"
EndProject
Project("{9A19103F-16F7-4668-BE54-9A1E7A4F7556}") = "Service", "Service\Service.csproj", "{1D1B9894-D260-47BC-A9F8-1C407F305532}"
EndProject
Project("{9A19103F-16F7-4668-BE54-9A1E7A4F7556}") = "ServiceModels", "ServiceModels\ServiceModels.csproj", "{94D98877-12CD-4474-9D81-687CD9A3B5B1}"
EndProject
Project("{9A19103F-16F7-4668-BE54-9A1E7A4F7556}") = "FriendsWeb", "FriendsWeb\FriendsWeb.csproj", "{0E8D0267-142E-41D2-9AFD-3BD782476BA3}"
EndProject
Project("{2150E333-8FDC-42A3-9474-1A3956D46DE8}") = "Solution Items", "Solution Items", "{9061BFCC-742D-402B-82A4-5558246B1517}"
	ProjectSection(SolutionItems) = preProject
		.editorconfig = .editorconfig
	EndProjectSection
EndProject
Global
	GlobalSection(SolutionConfigurationPlatforms) = preSolution
		Debug|Any CPU = Debug|Any CPU
		Release|Any CPU = Release|Any CPU
	EndGlobalSection
	GlobalSection(ProjectConfigurationPlatforms) = postSolution
		{5BA6E162-7510-405D-9BAD-91000913FD7E}.Debug|Any CPU.ActiveCfg = Debug|Any CPU
		{5BA6E162-7510-405D-9BAD-91000913FD7E}.Debug|Any CPU.Build.0 = Debug|Any CPU
		{5BA6E162-7510-405D-9BAD-91000913FD7E}.Release|Any CPU.ActiveCfg = Release|Any CPU
		{5BA6E162-7510-405D-9BAD-91000913FD7E}.Release|Any CPU.Build.0 = Release|Any CPU
		{97E547F4-5F46-405A-B9ED-2E89D355AC80}.Debug|Any CPU.ActiveCfg = Debug|Any CPU
		{97E547F4-5F46-405A-B9ED-2E89D355AC80}.Debug|Any CPU.Build.0 = Debug|Any CPU
		{97E547F4-5F46-405A-B9ED-2E89D355AC80}.Release|Any CPU.ActiveCfg = Release|Any CPU
		{97E547F4-5F46-405A-B9ED-2E89D355AC80}.Release|Any CPU.Build.0 = Release|Any CPU
		{2A5FEB61-467B-46AC-A985-35644C3459FE}.Debug|Any CPU.ActiveCfg = Debug|Any CPU
		{2A5FEB61-467B-46AC-A985-35644C3459FE}.Debug|Any CPU.Build.0 = Debug|Any CPU
		{2A5FEB61-467B-46AC-A985-35644C3459FE}.Release|Any CPU.ActiveCfg = Release|Any CPU
		{2A5FEB61-467B-46AC-A985-35644C3459FE}.Release|Any CPU.Build.0 = Release|Any CPU
		{1D1B9894-D260-47BC-A9F8-1C407F305532}.Debug|Any CPU.ActiveCfg = Debug|Any CPU
		{1D1B9894-D260-47BC-A9F8-1C407F305532}.Debug|Any CPU.Build.0 = Debug|Any CPU
		{1D1B9894-D260-47BC-A9F8-1C407F305532}.Release|Any CPU.ActiveCfg = Release|Any CPU
		{1D1B9894-D260-47BC-A9F8-1C407F305532}.Release|Any CPU.Build.0 = Release|Any CPU
		{94D98877-12CD-4474-9D81-687CD9A3B5B1}.Debug|Any CPU.ActiveCfg = Debug|Any CPU
		{94D98877-12CD-4474-9D81-687CD9A3B5B1}.Debug|Any CPU.Build.0 = Debug|Any CPU
		{94D98877-12CD-4474-9D81-687CD9A3B5B1}.Release|Any CPU.ActiveCfg = Release|Any CPU
		{94D98877-12CD-4474-9D81-687CD9A3B5B1}.Release|Any CPU.Build.0 = Release|Any CPU
		{0E8D0267-142E-41D2-9AFD-3BD782476BA3}.Debug|Any CPU.ActiveCfg = Debug|Any CPU
		{0E8D0267-142E-41D2-9AFD-3BD782476BA3}.Debug|Any CPU.Build.0 = Debug|Any CPU
		{0E8D0267-142E-41D2-9AFD-3BD782476BA3}.Release|Any CPU.ActiveCfg = Release|Any CPU
		{0E8D0267-142E-41D2-9AFD-3BD782476BA3}.Release|Any CPU.Build.0 = Release|Any CPU
	EndGlobalSection
	GlobalSection(SolutionProperties) = preSolution
		HideSolutionNode = FALSE
	EndGlobalSection
	GlobalSection(ExtensibilityGlobals) = postSolution
		SolutionGuid = {2CEED7BE-9A25-4D6E-81A5-BB9599B67E5F}
	EndGlobalSection
EndGlobal
